// !$*UTF8*$!
{
	archiveVersion = 1;
	classes = {
	};
	objectVersion = 50;
	objects = {

/* Begin PBXBuildFile section */
		1872C6E122BCFC5D00F08DCD /* AppDelegate.swift in Sources */ = {isa = PBXBuildFile; fileRef = 1872C6E022BCFC5D00F08DCD /* AppDelegate.swift */; };
		1872C6E322BCFC5D00F08DCD /* ViewController.swift in Sources */ = {isa = PBXBuildFile; fileRef = 1872C6E222BCFC5D00F08DCD /* ViewController.swift */; };
		1872C6E622BCFC5D00F08DCD /* Main.storyboard in Resources */ = {isa = PBXBuildFile; fileRef = 1872C6E422BCFC5D00F08DCD /* Main.storyboard */; };
		1872C6E822BCFC5E00F08DCD /* Assets.xcassets in Resources */ = {isa = PBXBuildFile; fileRef = 1872C6E722BCFC5E00F08DCD /* Assets.xcassets */; };
		1872C6EB22BCFC5E00F08DCD /* LaunchScreen.storyboard in Resources */ = {isa = PBXBuildFile; fileRef = 1872C6E922BCFC5E00F08DCD /* LaunchScreen.storyboard */; };
		1872C6F422BCFCF200F08DCD /* HomeViewController.swift in Sources */ = {isa = PBXBuildFile; fileRef = 1872C6F222BCFCF200F08DCD /* HomeViewController.swift */; };
		1872C6F522BCFCF200F08DCD /* HomeViewController.xib in Resources */ = {isa = PBXBuildFile; fileRef = 1872C6F322BCFCF200F08DCD /* HomeViewController.xib */; };
/* End PBXBuildFile section */

/* Begin PBXFileReference section */
		1872C6DD22BCFC5D00F08DCD /* StartWithoutStoryboard.app */ = {isa = PBXFileReference; explicitFileType = wrapper.application; includeInIndex = 0; path = StartWithoutStoryboard.app; sourceTree = BUILT_PRODUCTS_DIR; };
		1872C6E022BCFC5D00F08DCD /* AppDelegate.swift */ = {isa = PBXFileReference; lastKnownFileType = sourcecode.swift; path = AppDelegate.swift; sourceTree = "<group>"; };
		1872C6E222BCFC5D00F08DCD /* ViewController.swift */ = {isa = PBXFileReference; lastKnownFileType = sourcecode.swift; path = ViewController.swift; sourceTree = "<group>"; };
		1872C6E522BCFC5D00F08DCD /* Base */ = {isa = PBXFileReference; lastKnownFileType = file.storyboard; name = Base; path = Base.lproj/Main.storyboard; sourceTree = "<group>"; };
		1872C6E722BCFC5E00F08DCD /* Assets.xcassets */ = {isa = PBXFileReference; lastKnownFileType = folder.assetcatalog; path = Assets.xcassets; sourceTree = "<group>"; };
		1872C6EA22BCFC5E00F08DCD /* Base */ = {isa = PBXFileReference; lastKnownFileType = file.storyboard; name = Base; path = Base.lproj/LaunchScreen.storyboard; sourceTree = "<group>"; };
		1872C6EC22BCFC5E00F08DCD /* Info.plist */ = {isa = PBXFileReference; lastKnownFileType = text.plist.xml; path = Info.plist; sourceTree = "<group>"; };
		1872C6F222BCFCF200F08DCD /* HomeViewController.swift */ = {isa = PBXFileReference; lastKnownFileType = sourcecode.swift; path = HomeViewController.swift; sourceTree = "<group>"; };
		1872C6F322BCFCF200F08DCD /* HomeViewController.xib */ = {isa = PBXFileReference; lastKnownFileType = file.xib; path = HomeViewController.xib; sourceTree = "<group>"; };
/* End PBXFileReference section */

/* Begin PBXFrameworksBuildPhase section */
		1872C6DA22BCFC5D00F08DCD /* Frameworks */ = {
			isa = PBXFrameworksBuildPhase;
			buildActionMask = 2147483647;
			files = (
			);
			runOnlyForDeploymentPostprocessing = 0;
		};
/* End PBXFrameworksBuildPhase section */

/* Begin PBXGroup section */
		1872C6D422BCFC5D00F08DCD = {
			isa = PBXGroup;
			children = (
				1872C6DF22BCFC5D00F08DCD /* StartWithoutStoryboard */,
				1872C6DE22BCFC5D00F08DCD /* Products */,
			);
			sourceTree = "<group>";
		};
		1872C6DE22BCFC5D00F08DCD /* Products */ = {
			isa = PBXGroup;
			children = (
				1872C6DD22BCFC5D00F08DCD /* StartWithoutStoryboard.app */,
			);
			name = Products;
			sourceTree = "<group>";
		};
		1872C6DF22BCFC5D00F08DCD /* StartWithoutStoryboard */ = {
			isa = PBXGroup;
			children = (
				1872C6E022BCFC5D00F08DCD /* AppDelegate.swift */,
				1872C6E222BCFC5D00F08DCD /* ViewController.swift */,
				1872C6E422BCFC5D00F08DCD /* Main.storyboard */,
				1872C6E722BCFC5E00F08DCD /* Assets.xcassets */,
				1872C6E922BCFC5E00F08DCD /* LaunchScreen.storyboard */,
				1872C6EC22BCFC5E00F08DCD /* Info.plist */,
				1872C6F622BCFE6100F08DCD /* Home */,
			);
			path = StartWithoutStoryboard;
			sourceTree = "<group>";
		};
		1872C6F622BCFE6100F08DCD /* Home */ = {
			isa = PBXGroup;
			children = (
				1872C6F222BCFCF200F08DCD /* HomeViewController.swift */,
				1872C6F322BCFCF200F08DCD /* HomeViewController.xib */,
			);
			path = Home;
			sourceTree = "<group>";
		};
/* End PBXGroup section */

/* Begin PBXNativeTarget section */
		1872C6DC22BCFC5D00F08DCD /* StartWithoutStoryboard */ = {
			isa = PBXNativeTarget;
			buildConfigurationList = 1872C6EF22BCFC5E00F08DCD /* Build configuration list for PBXNativeTarget "StartWithoutStoryboard" */;
			buildPhases = (
				1872C6D922BCFC5D00F08DCD /* Sources */,
				1872C6DA22BCFC5D00F08DCD /* Frameworks */,
				1872C6DB22BCFC5D00F08DCD /* Resources */,
			);
			buildRules = (
			);
			dependencies = (
			);
			name = StartWithoutStoryboard;
			productName = StartWithoutStoryboard;
			productReference = 1872C6DD22BCFC5D00F08DCD /* StartWithoutStoryboard.app */;
			productType = "com.apple.product-type.application";
		};
/* End PBXNativeTarget section */

/* Begin PBXProject section */
		1872C6D522BCFC5D00F08DCD /* Project object */ = {
			isa = PBXProject;
			attributes = {
				LastSwiftUpdateCheck = 1020;
				LastUpgradeCheck = 1020;
				ORGANIZATIONNAME = "min-chia";
				TargetAttributes = {
					1872C6DC22BCFC5D00F08DCD = {
						CreatedOnToolsVersion = 10.2.1;
					};
				};
			};
			buildConfigurationList = 1872C6D822BCFC5D00F08DCD /* Build configuration list for PBXProject "StartWithoutStoryboard" */;
			compatibilityVersion = "Xcode 9.3";
			developmentRegion = en;
			hasScannedForEncodings = 0;
			knownRegions = (
				en,
				Base,
			);
			mainGroup = 1872C6D422BCFC5D00F08DCD;
			productRefGroup = 1872C6DE22BCFC5D00F08DCD /* Products */;
			projectDirPath = "";
			projectRoot = "";
			targets = (
				1872C6DC22BCFC5D00F08DCD /* StartWithoutStoryboard */,
			);
		};
/* End PBXProject section */

/* Begin PBXResourcesBuildPhase section */
		1872C6DB22BCFC5D00F08DCD /* Resources */ = {
			isa = PBXResourcesBuildPhase;
			buildActionMask = 2147483647;
			files = (
				1872C6EB22BCFC5E00F08DCD /* LaunchScreen.storyboard in Resources */,
				1872C6E822BCFC5E00F08DCD /* Assets.xcassets in Resources */,
				1872C6E622BCFC5D00F08DCD /* Main.storyboard in Resources */,
				1872C6F522BCFCF200F08DCD /* HomeViewController.xib in Resources */,
			);
			runOnlyForDeploymentPostprocessing = 0;
		};
/* End PBXResourcesBuildPhase section */

/* Begin PBXSourcesBuildPhase section */
		1872C6D922BCFC5D00F08DCD /* Sources */ = {
			isa = PBXSourcesBuildPhase;
			buildActionMask = 2147483647;
			files = (
				1872C6E322BCFC5D00F08DCD /* ViewController.swift in Sources */,
				1872C6E122BCFC5D00F08DCD /* AppDelegate.swift in Sources */,
				1872C6F422BCFCF200F08DCD /* HomeViewController.swift in Sources */,
			);
			runOnlyForDeploymentPostprocessing = 0;
		};
/* End PBXSourcesBuildPhase section */

/* Begin PBXVariantGroup section */
		1872C6E422BCFC5D00F08DCD /* Main.storyboard */ = {
			isa = PBXVariantGroup;
			children = (
				1872C6E522BCFC5D00F08DCD /* Base */,
			);
			name = Main.storyboard;
			sourceTree = "<group>";
		};
		1872C6E922BCFC5E00F08DCD /* LaunchScreen.storyboard */ = {
			isa = PBXVariantGroup;
			children = (
				1872C6EA22BCFC5E00F08DCD /* Base */,
			);
			name = LaunchScreen.storyboard;
			sourceTree = "<group>";
		};
/* End PBXVariantGroup section */

/* Begin XCBuildConfiguration section */
		1872C6ED22BCFC5E00F08DCD /* Debug */ = {
			isa = XCBuildConfiguration;
			buildSettings = {
				ALWAYS_SEARCH_USER_PATHS = NO;
				CLANG_ANALYZER_NONNULL = YES;
				CLANG_ANALYZER_NUMBER_OBJECT_CONVERSION = YES_AGGRESSIVE;
				CLANG_CXX_LANGUAGE_STANDARD = "gnu++14";
				CLANG_CXX_LIBRARY = "libc++";
				CLANG_ENABLE_MODULES = YES;
				CLANG_ENABLE_OBJC_ARC = YES;
				CLANG_ENABLE_OBJC_WEAK = YES;
				CLANG_WARN_BLOCK_CAPTURE_AUTORELEASING = YES;
				CLANG_WARN_BOOL_CONVERSION = YES;
				CLANG_WARN_COMMA = YES;
				CLANG_WARN_CONSTANT_CONVERSION = YES;
				CLANG_WARN_DEPRECATED_OBJC_IMPLEMENTATIONS = YES;
				CLANG_WARN_DIRECT_OBJC_ISA_USAGE = YES_ERROR;
				CLANG_WARN_DOCUMENTATION_COMMENTS = YES;
				CLANG_WARN_EMPTY_BODY = YES;
				CLANG_WARN_ENUM_CONVERSION = YES;
				CLANG_WARN_INFINITE_RECURSION = YES;
				CLANG_WARN_INT_CONVERSION = YES;
				CLANG_WARN_NON_LITERAL_NULL_CONVERSION = YES;
				CLANG_WARN_OBJC_IMPLICIT_RETAIN_SELF = YES;
				CLANG_WARN_OBJC_LITERAL_CONVERSION = YES;
				CLANG_WARN_OBJC_ROOT_CLASS = YES_ERROR;
				CLANG_WARN_RANGE_LOOP_ANALYSIS = YES;
				CLANG_WARN_STRICT_PROTOTYPES = YES;
				CLANG_WARN_SUSPICIOUS_MOVE = YES;
				CLANG_WARN_UNGUARDED_AVAILABILITY = YES_AGGRESSIVE;
				CLANG_WARN_UNREACHABLE_CODE = YES;
				CLANG_WARN__DUPLICATE_METHOD_MATCH = YES;
				CODE_SIGN_IDENTITY = "iPhone Developer";
				COPY_PHASE_STRIP = NO;
				DEBUG_INFORMATION_FORMAT = dwarf;
				ENABLE_STRICT_OBJC_MSGSEND = YES;
				ENABLE_TESTABILITY = YES;
				GCC_C_LANGUAGE_STANDARD = gnu11;
				GCC_DYNAMIC_NO_PIC = NO;
				GCC_NO_COMMON_BLOCKS = YES;
				GCC_OPTIMIZATION_LEVEL = 0;
				GCC_PREPROCESSOR_DEFINITIONS = (
					"DEBUG=1",
					"$(inherited)",
				);
				GCC_WARN_64_TO_32_BIT_CONVERSION = YES;
				GCC_WARN_ABOUT_RETURN_TYPE = YES_ERROR;
				GCC_WARN_UNDECLARED_SELECTOR = YES;
				GCC_WARN_UNINITIALIZED_AUTOS = YES_AGGRESSIVE;
				GCC_WARN_UNUSED_FUNCTION = YES;
				GCC_WARN_UNUSED_VARIABLE = YES;
				IPHONEOS_DEPLOYMENT_TARGET = 12.2;
				MTL_ENABLE_DEBUG_INFO = INCLUDE_SOURCE;
				MTL_FAST_MATH = YES;
				ONLY_ACTIVE_ARCH = YES;
				SDKROOT = iphoneos;
				SWIFT_ACTIVE_COMPILATION_CONDITIONS = DEBUG;
				SWIFT_OPTIMIZATION_LEVEL = "-Onone";
			};
			name = Debug;
		};
		1872C6EE22BCFC5E00F08DCD /* Release */ = {
			isa = XCBuildConfiguration;
			buildSettings = {
				ALWAYS_SEARCH_USER_PATHS = NO;
				CLANG_ANALYZER_NONNULL = YES;
				CLANG_ANALYZER_NUMBER_OBJECT_CONVERSION = YES_AGGRESSIVE;
				CLANG_CXX_LANGUAGE_STANDARD = "gnu++14";
				CLANG_CXX_LIBRARY = "libc++";
				CLANG_ENABLE_MODULES = YES;
				CLANG_ENABLE_OBJC_ARC = YES;
				CLANG_ENABLE_OBJC_WEAK = YES;
				CLANG_WARN_BLOCK_CAPTURE_AUTORELEASING = YES;
				CLANG_WARN_BOOL_CONVERSION = YES;
				CLANG_WARN_COMMA = YES;
				CLANG_WARN_CONSTANT_CONVERSION = YES;
				CLANG_WARN_DEPRECATED_OBJC_IMPLEMENTATIONS = YES;
				CLANG_WARN_DIRECT_OBJC_ISA_USAGE = YES_ERROR;
				CLANG_WARN_DOCUMENTATION_COMMENTS = YES;
				CLANG_WARN_EMPTY_BODY = YES;
				CLANG_WARN_ENUM_CONVERSION = YES;
				CLANG_WARN_INFINITE_RECURSION = YES;
				CLANG_WARN_INT_CONVERSION = YES;
				CLANG_WARN_NON_LITERAL_NULL_CONVERSION = YES;
				CLANG_WARN_OBJC_IMPLICIT_RETAIN_SELF = YES;
				CLANG_WARN_OBJC_LITERAL_CONVERSION = YES;
				CLANG_WARN_OBJC_ROOT_CLASS = YES_ERROR;
				CLANG_WARN_RANGE_LOOP_ANALYSIS = YES;
				CLANG_WARN_STRICT_PROTOTYPES = YES;
				CLANG_WARN_SUSPICIOUS_MOVE = YES;
				CLANG_WARN_UNGUARDED_AVAILABILITY = YES_AGGRESSIVE;
				CLANG_WARN_UNREACHABLE_CODE = YES;
				CLANG_WARN__DUPLICATE_METHOD_MATCH = YES;
				CODE_SIGN_IDENTITY = "iPhone Developer";
				COPY_PHASE_STRIP = NO;
				DEBUG_INFORMATION_FORMAT = "dwarf-with-dsym";
				ENABLE_NS_ASSERTIONS = NO;
				ENABLE_STRICT_OBJC_MSGSEND = YES;
				GCC_C_LANGUAGE_STANDARD = gnu11;
				GCC_NO_COMMON_BLOCKS = YES;
				GCC_WARN_64_TO_32_BIT_CONVERSION = YES;
				GCC_WARN_ABOUT_RETURN_TYPE = YES_ERROR;
				GCC_WARN_UNDECLARED_SELECTOR = YES;
				GCC_WARN_UNINITIALIZED_AUTOS = YES_AGGRESSIVE;
				GCC_WARN_UNUSED_FUNCTION = YES;
				GCC_WARN_UNUSED_VARIABLE = YES;
				IPHONEOS_DEPLOYMENT_TARGET = 12.2;
				MTL_ENABLE_DEBUG_INFO = NO;
				MTL_FAST_MATH = YES;
				SDKROOT = iphoneos;
				SWIFT_COMPILATION_MODE = wholemodule;
				SWIFT_OPTIMIZATION_LEVEL = "-O";
				VALIDATE_PRODUCT = YES;
			};
			name = Release;
		};
		1872C6F022BCFC5E00F08DCD /* Debug */ = {
			isa = XCBuildConfiguration;
			buildSettings = {
				ASSETCATALOG_COMPILER_APPICON_NAME = AppIcon;
				CODE_SIGN_STYLE = Automatic;
				INFOPLIST_FILE = StartWithoutStoryboard/Info.plist;
				LD_RUNPATH_SEARCH_PATHS = (
					"$(inherited)",
					"@executable_path/Frameworks",
				);
				PRODUCT_BUNDLE_IDENTIFIER = com.StartWithoutStoryboard;
				PRODUCT_NAME = "$(TARGET_NAME)";
				SWIFT_VERSION = 5.0;
				TARGETED_DEVICE_FAMILY = "1,2";
			};
			name = Debug;
		};
		1872C6F122BCFC5E00F08DCD /* Release */ = {
			isa = XCBuildConfiguration;
			buildSettings = {
				ASSETCATALOG_COMPILER_APPICON_NAME = AppIcon;
				CODE_SIGN_STYLE = Automatic;
				INFOPLIST_FILE = StartWithoutStoryboard/Info.plist;
				LD_RUNPATH_SEARCH_PATHS = (
					"$(inherited)",
					"@executable_path/Frameworks",
				);
				PRODUCT_BUNDLE_IDENTIFIER = com.StartWithoutStoryboard;
				PRODUCT_NAME = "$(TARGET_NAME)";
				SWIFT_VERSION = 5.0;
				TARGETED_DEVICE_FAMILY = "1,2";
			};
			name = Release;
		};
/* End XCBuildConfiguration section */

/* Begin XCConfigurationList section */
		1872C6D822BCFC5D00F08DCD /* Build configuration list for PBXProject "StartWithoutStoryboard" */ = {
			isa = XCConfigurationList;
			buildConfigurations = (
				1872C6ED22BCFC5E00F08DCD /* Debug */,
				1872C6EE22BCFC5E00F08DCD /* Release */,
			);
			defaultConfigurationIsVisible = 0;
			defaultConfigurationName = Release;
		};
		1872C6EF22BCFC5E00F08DCD /* Build configuration list for PBXNativeTarget "StartWithoutStoryboard" */ = {
			isa = XCConfigurationList;
			buildConfigurations = (
				1872C6F022BCFC5E00F08DCD /* Debug */,
				1872C6F122BCFC5E00F08DCD /* Release */,
			);
			defaultConfigurationIsVisible = 0;
			defaultConfigurationName = Release;
		};
/* End XCConfigurationList section */
	};
	rootObject = 1872C6D522BCFC5D00F08DCD /* Project object */;
}
